// !$*UTF8*$!
{
	archiveVersion = 1;
	classes = {
	};
	objectVersion = 50;
	objects = {

/* Begin PBXBuildFile section */
		EFE04095255D4FD9003FE67D /* AppDelegate.swift in Sources */ = {isa = PBXBuildFile; fileRef = EFE04094255D4FD9003FE67D /* AppDelegate.swift */; };
		EFE04097255D4FD9003FE67D /* SceneDelegate.swift in Sources */ = {isa = PBXBuildFile; fileRef = EFE04096255D4FD9003FE67D /* SceneDelegate.swift */; };
		EFE04099255D4FD9003FE67D /* ViewController.swift in Sources */ = {isa = PBXBuildFile; fileRef = EFE04098255D4FD9003FE67D /* ViewController.swift */; };
		EFE0409C255D4FD9003FE67D /* Main.storyboard in Resources */ = {isa = PBXBuildFile; fileRef = EFE0409A255D4FD9003FE67D /* Main.storyboard */; };
		EFE0409E255D4FD9003FE67D /* Assets.xcassets in Resources */ = {isa = PBXBuildFile; fileRef = EFE0409D255D4FD9003FE67D /* Assets.xcassets */; };
		EFE040A1255D4FD9003FE67D /* LaunchScreen.storyboard in Resources */ = {isa = PBXBuildFile; fileRef = EFE0409F255D4FD9003FE67D /* LaunchScreen.storyboard */; };
		EFE040AC255D4FD9003FE67D /* NewsAppTests.swift in Sources */ = {isa = PBXBuildFile; fileRef = EFE040AB255D4FD9003FE67D /* NewsAppTests.swift */; };
		EFE040B7255D4FD9003FE67D /* NewsAppUITests.swift in Sources */ = {isa = PBXBuildFile; fileRef = EFE040B6255D4FD9003FE67D /* NewsAppUITests.swift */; };
/* End PBXBuildFile section */

/* Begin PBXContainerItemProxy section */
		EFE040A8255D4FD9003FE67D /* PBXContainerItemProxy */ = {
			isa = PBXContainerItemProxy;
			containerPortal = EFE04089255D4FD9003FE67D /* Project object */;
			proxyType = 1;
			remoteGlobalIDString = EFE04090255D4FD9003FE67D;
			remoteInfo = NewsApp;
		};
		EFE040B3255D4FD9003FE67D /* PBXContainerItemProxy */ = {
			isa = PBXContainerItemProxy;
			containerPortal = EFE04089255D4FD9003FE67D /* Project object */;
			proxyType = 1;
			remoteGlobalIDString = EFE04090255D4FD9003FE67D;
			remoteInfo = NewsApp;
		};
/* End PBXContainerItemProxy section */

/* Begin PBXFileReference section */
		EFE04091255D4FD9003FE67D /* NewsApp.app */ = {isa = PBXFileReference; explicitFileType = wrapper.application; includeInIndex = 0; path = NewsApp.app; sourceTree = BUILT_PRODUCTS_DIR; };
		EFE04094255D4FD9003FE67D /* AppDelegate.swift */ = {isa = PBXFileReference; lastKnownFileType = sourcecode.swift; path = AppDelegate.swift; sourceTree = "<group>"; };
		EFE04096255D4FD9003FE67D /* SceneDelegate.swift */ = {isa = PBXFileReference; lastKnownFileType = sourcecode.swift; path = SceneDelegate.swift; sourceTree = "<group>"; };
		EFE04098255D4FD9003FE67D /* ViewController.swift */ = {isa = PBXFileReference; lastKnownFileType = sourcecode.swift; path = ViewController.swift; sourceTree = "<group>"; };
		EFE0409B255D4FD9003FE67D /* Base */ = {isa = PBXFileReference; lastKnownFileType = file.storyboard; name = Base; path = Base.lproj/Main.storyboard; sourceTree = "<group>"; };
		EFE0409D255D4FD9003FE67D /* Assets.xcassets */ = {isa = PBXFileReference; lastKnownFileType = folder.assetcatalog; path = Assets.xcassets; sourceTree = "<group>"; };
		EFE040A0255D4FD9003FE67D /* Base */ = {isa = PBXFileReference; lastKnownFileType = file.storyboard; name = Base; path = Base.lproj/LaunchScreen.storyboard; sourceTree = "<group>"; };
		EFE040A2255D4FD9003FE67D /* Info.plist */ = {isa = PBXFileReference; lastKnownFileType = text.plist.xml; path = Info.plist; sourceTree = "<group>"; };
		EFE040A7255D4FD9003FE67D /* NewsAppTests.xctest */ = {isa = PBXFileReference; explicitFileType = wrapper.cfbundle; includeInIndex = 0; path = NewsAppTests.xctest; sourceTree = BUILT_PRODUCTS_DIR; };
		EFE040AB255D4FD9003FE67D /* NewsAppTests.swift */ = {isa = PBXFileReference; lastKnownFileType = sourcecode.swift; path = NewsAppTests.swift; sourceTree = "<group>"; };
		EFE040AD255D4FD9003FE67D /* Info.plist */ = {isa = PBXFileReference; lastKnownFileType = text.plist.xml; path = Info.plist; sourceTree = "<group>"; };
		EFE040B2255D4FD9003FE67D /* NewsAppUITests.xctest */ = {isa = PBXFileReference; explicitFileType = wrapper.cfbundle; includeInIndex = 0; path = NewsAppUITests.xctest; sourceTree = BUILT_PRODUCTS_DIR; };
		EFE040B6255D4FD9003FE67D /* NewsAppUITests.swift */ = {isa = PBXFileReference; lastKnownFileType = sourcecode.swift; path = NewsAppUITests.swift; sourceTree = "<group>"; };
		EFE040B8255D4FD9003FE67D /* Info.plist */ = {isa = PBXFileReference; lastKnownFileType = text.plist.xml; path = Info.plist; sourceTree = "<group>"; };
/* End PBXFileReference section */

/* Begin PBXFrameworksBuildPhase section */
		EFE0408E255D4FD9003FE67D /* Frameworks */ = {
			isa = PBXFrameworksBuildPhase;
			buildActionMask = 2147483647;
			files = (
			);
			runOnlyForDeploymentPostprocessing = 0;
		};
		EFE040A4255D4FD9003FE67D /* Frameworks */ = {
			isa = PBXFrameworksBuildPhase;
			buildActionMask = 2147483647;
			files = (
			);
			runOnlyForDeploymentPostprocessing = 0;
		};
		EFE040AF255D4FD9003FE67D /* Frameworks */ = {
			isa = PBXFrameworksBuildPhase;
			buildActionMask = 2147483647;
			files = (
			);
			runOnlyForDeploymentPostprocessing = 0;
		};
/* End PBXFrameworksBuildPhase section */

/* Begin PBXGroup section */
		EFE04088255D4FD9003FE67D = {
			isa = PBXGroup;
			children = (
				EFE04093255D4FD9003FE67D /* NewsApp */,
				EFE040AA255D4FD9003FE67D /* NewsAppTests */,
				EFE040B5255D4FD9003FE67D /* NewsAppUITests */,
				EFE04092255D4FD9003FE67D /* Products */,
			);
			sourceTree = "<group>";
		};
		EFE04092255D4FD9003FE67D /* Products */ = {
			isa = PBXGroup;
			children = (
				EFE04091255D4FD9003FE67D /* NewsApp.app */,
				EFE040A7255D4FD9003FE67D /* NewsAppTests.xctest */,
				EFE040B2255D4FD9003FE67D /* NewsAppUITests.xctest */,
			);
			name = Products;
			sourceTree = "<group>";
		};
		EFE04093255D4FD9003FE67D /* NewsApp */ = {
			isa = PBXGroup;
			children = (
				EFE04094255D4FD9003FE67D /* AppDelegate.swift */,
				EFE04096255D4FD9003FE67D /* SceneDelegate.swift */,
				EFE04098255D4FD9003FE67D /* ViewController.swift */,
				EFE0409A255D4FD9003FE67D /* Main.storyboard */,
				EFE0409D255D4FD9003FE67D /* Assets.xcassets */,
				EFE0409F255D4FD9003FE67D /* LaunchScreen.storyboard */,
				EFE040A2255D4FD9003FE67D /* Info.plist */,
			);
			path = NewsApp;
			sourceTree = "<group>";
		};
		EFE040AA255D4FD9003FE67D /* NewsAppTests */ = {
			isa = PBXGroup;
			children = (
				EFE040AB255D4FD9003FE67D /* NewsAppTests.swift */,
				EFE040AD255D4FD9003FE67D /* Info.plist */,
			);
			path = NewsAppTests;
			sourceTree = "<group>";
		};
		EFE040B5255D4FD9003FE67D /* NewsAppUITests */ = {
			isa = PBXGroup;
			children = (
				EFE040B6255D4FD9003FE67D /* NewsAppUITests.swift */,
				EFE040B8255D4FD9003FE67D /* Info.plist */,
			);
			path = NewsAppUITests;
			sourceTree = "<group>";
		};
/* End PBXGroup section */

/* Begin PBXNativeTarget section */
		EFE04090255D4FD9003FE67D /* NewsApp */ = {
			isa = PBXNativeTarget;
			buildConfigurationList = EFE040BB255D4FD9003FE67D /* Build configuration list for PBXNativeTarget "NewsApp" */;
			buildPhases = (
				EFE0408D255D4FD9003FE67D /* Sources */,
				EFE0408E255D4FD9003FE67D /* Frameworks */,
				EFE0408F255D4FD9003FE67D /* Resources */,
			);
			buildRules = (
			);
			dependencies = (
			);
			name = NewsApp;
			productName = NewsApp;
			productReference = EFE04091255D4FD9003FE67D /* NewsApp.app */;
			productType = "com.apple.product-type.application";
		};
		EFE040A6255D4FD9003FE67D /* NewsAppTests */ = {
			isa = PBXNativeTarget;
			buildConfigurationList = EFE040BE255D4FD9003FE67D /* Build configuration list for PBXNativeTarget "NewsAppTests" */;
			buildPhases = (
				EFE040A3255D4FD9003FE67D /* Sources */,
				EFE040A4255D4FD9003FE67D /* Frameworks */,
				EFE040A5255D4FD9003FE67D /* Resources */,
			);
			buildRules = (
			);
			dependencies = (
				EFE040A9255D4FD9003FE67D /* PBXTargetDependency */,
			);
			name = NewsAppTests;
			productName = NewsAppTests;
			productReference = EFE040A7255D4FD9003FE67D /* NewsAppTests.xctest */;
			productType = "com.apple.product-type.bundle.unit-test";
		};
		EFE040B1255D4FD9003FE67D /* NewsAppUITests */ = {
			isa = PBXNativeTarget;
			buildConfigurationList = EFE040C1255D4FD9003FE67D /* Build configuration list for PBXNativeTarget "NewsAppUITests" */;
			buildPhases = (
				EFE040AE255D4FD9003FE67D /* Sources */,
				EFE040AF255D4FD9003FE67D /* Frameworks */,
				EFE040B0255D4FD9003FE67D /* Resources */,
			);
			buildRules = (
			);
			dependencies = (
				EFE040B4255D4FD9003FE67D /* PBXTargetDependency */,
			);
			name = NewsAppUITests;
			productName = NewsAppUITests;
			productReference = EFE040B2255D4FD9003FE67D /* NewsAppUITests.xctest */;
			productType = "com.apple.product-type.bundle.ui-testing";
		};
/* End PBXNativeTarget section */

/* Begin PBXProject section */
		EFE04089255D4FD9003FE67D /* Project object */ = {
			isa = PBXProject;
			attributes = {
				LastSwiftUpdateCheck = 1200;
				LastUpgradeCheck = 1200;
				TargetAttributes = {
					EFE04090255D4FD9003FE67D = {
						CreatedOnToolsVersion = 12.0.1;
					};
					EFE040A6255D4FD9003FE67D = {
						CreatedOnToolsVersion = 12.0.1;
						TestTargetID = EFE04090255D4FD9003FE67D;
					};
					EFE040B1255D4FD9003FE67D = {
						CreatedOnToolsVersion = 12.0.1;
						TestTargetID = EFE04090255D4FD9003FE67D;
					};
				};
			};
			buildConfigurationList = EFE0408C255D4FD9003FE67D /* Build configuration list for PBXProject "NewsApp" */;
			compatibilityVersion = "Xcode 9.3";
			developmentRegion = en;
			hasScannedForEncodings = 0;
			knownRegions = (
				en,
				Base,
			);
			mainGroup = EFE04088255D4FD9003FE67D;
			productRefGroup = EFE04092255D4FD9003FE67D /* Products */;
			projectDirPath = "";
			projectRoot = "";
			targets = (
				EFE04090255D4FD9003FE67D /* NewsApp */,
				EFE040A6255D4FD9003FE67D /* NewsAppTests */,
				EFE040B1255D4FD9003FE67D /* NewsAppUITests */,
			);
		};
/* End PBXProject section */

/* Begin PBXResourcesBuildPhase section */
		EFE0408F255D4FD9003FE67D /* Resources */ = {
			isa = PBXResourcesBuildPhase;
			buildActionMask = 2147483647;
			files = (
				EFE040A1255D4FD9003FE67D /* LaunchScreen.storyboard in Resources */,
				EFE0409E255D4FD9003FE67D /* Assets.xcassets in Resources */,
				EFE0409C255D4FD9003FE67D /* Main.storyboard in Resources */,
			);
			runOnlyForDeploymentPostprocessing = 0;
		};
		EFE040A5255D4FD9003FE67D /* Resources */ = {
			isa = PBXResourcesBuildPhase;
			buildActionMask = 2147483647;
			files = (
			);
			runOnlyForDeploymentPostprocessing = 0;
		};
		EFE040B0255D4FD9003FE67D /* Resources */ = {
			isa = PBXResourcesBuildPhase;
			buildActionMask = 2147483647;
			files = (
			);
			runOnlyForDeploymentPostprocessing = 0;
		};
/* End PBXResourcesBuildPhase section */

/* Begin PBXSourcesBuildPhase section */
		EFE0408D255D4FD9003FE67D /* Sources */ = {
			isa = PBXSourcesBuildPhase;
			buildActionMask = 2147483647;
			files = (
				EFE04099255D4FD9003FE67D /* ViewController.swift in Sources */,
				EFE04095255D4FD9003FE67D /* AppDelegate.swift in Sources */,
				EFE04097255D4FD9003FE67D /* SceneDelegate.swift in Sources */,
			);
			runOnlyForDeploymentPostprocessing = 0;
		};
		EFE040A3255D4FD9003FE67D /* Sources */ = {
			isa = PBXSourcesBuildPhase;
			buildActionMask = 2147483647;
			files = (
				EFE040AC255D4FD9003FE67D /* NewsAppTests.swift in Sources */,
			);
			runOnlyForDeploymentPostprocessing = 0;
		};
		EFE040AE255D4FD9003FE67D /* Sources */ = {
			isa = PBXSourcesBuildPhase;
			buildActionMask = 2147483647;
			files = (
				EFE040B7255D4FD9003FE67D /* NewsAppUITests.swift in Sources */,
			);
			runOnlyForDeploymentPostprocessing = 0;
		};
/* End PBXSourcesBuildPhase section */

/* Begin PBXTargetDependency section */
		EFE040A9255D4FD9003FE67D /* PBXTargetDependency */ = {
			isa = PBXTargetDependency;
			target = EFE04090255D4FD9003FE67D /* NewsApp */;
			targetProxy = EFE040A8255D4FD9003FE67D /* PBXContainerItemProxy */;
		};
		EFE040B4255D4FD9003FE67D /* PBXTargetDependency */ = {
			isa = PBXTargetDependency;
			target = EFE04090255D4FD9003FE67D /* NewsApp */;
			targetProxy = EFE040B3255D4FD9003FE67D /* PBXContainerItemProxy */;
		};
/* End PBXTargetDependency section */

/* Begin PBXVariantGroup section */
		EFE0409A255D4FD9003FE67D /* Main.storyboard */ = {
			isa = PBXVariantGroup;
			children = (
				EFE0409B255D4FD9003FE67D /* Base */,
			);
			name = Main.storyboard;
			sourceTree = "<group>";
		};
		EFE0409F255D4FD9003FE67D /* LaunchScreen.storyboard */ = {
			isa = PBXVariantGroup;
			children = (
				EFE040A0255D4FD9003FE67D /* Base */,
			);
			name = LaunchScreen.storyboard;
			sourceTree = "<group>";
		};
/* End PBXVariantGroup section */

/* Begin XCBuildConfiguration section */
		EFE040B9255D4FD9003FE67D /* Debug */ = {
			isa = XCBuildConfiguration;
			buildSettings = {
				ALWAYS_SEARCH_USER_PATHS = NO;
				CLANG_ANALYZER_NONNULL = YES;
				CLANG_ANALYZER_NUMBER_OBJECT_CONVERSION = YES_AGGRESSIVE;
				CLANG_CXX_LANGUAGE_STANDARD = "gnu++14";
				CLANG_CXX_LIBRARY = "libc++";
				CLANG_ENABLE_MODULES = YES;
				CLANG_ENABLE_OBJC_ARC = YES;
				CLANG_ENABLE_OBJC_WEAK = YES;
				CLANG_WARN_BLOCK_CAPTURE_AUTORELEASING = YES;
				CLANG_WARN_BOOL_CONVERSION = YES;
				CLANG_WARN_COMMA = YES;
				CLANG_WARN_CONSTANT_CONVERSION = YES;
				CLANG_WARN_DEPRECATED_OBJC_IMPLEMENTATIONS = YES;
				CLANG_WARN_DIRECT_OBJC_ISA_USAGE = YES_ERROR;
				CLANG_WARN_DOCUMENTATION_COMMENTS = YES;
				CLANG_WARN_EMPTY_BODY = YES;
				CLANG_WARN_ENUM_CONVERSION = YES;
				CLANG_WARN_INFINITE_RECURSION = YES;
				CLANG_WARN_INT_CONVERSION = YES;
				CLANG_WARN_NON_LITERAL_NULL_CONVERSION = YES;
				CLANG_WARN_OBJC_IMPLICIT_RETAIN_SELF = YES;
				CLANG_WARN_OBJC_LITERAL_CONVERSION = YES;
				CLANG_WARN_OBJC_ROOT_CLASS = YES_ERROR;
				CLANG_WARN_QUOTED_INCLUDE_IN_FRAMEWORK_HEADER = YES;
				CLANG_WARN_RANGE_LOOP_ANALYSIS = YES;
				CLANG_WARN_STRICT_PROTOTYPES = YES;
				CLANG_WARN_SUSPICIOUS_MOVE = YES;
				CLANG_WARN_UNGUARDED_AVAILABILITY = YES_AGGRESSIVE;
				CLANG_WARN_UNREACHABLE_CODE = YES;
				CLANG_WARN__DUPLICATE_METHOD_MATCH = YES;
				COPY_PHASE_STRIP = NO;
				DEBUG_INFORMATION_FORMAT = dwarf;
				ENABLE_STRICT_OBJC_MSGSEND = YES;
				ENABLE_TESTABILITY = YES;
				GCC_C_LANGUAGE_STANDARD = gnu11;
				GCC_DYNAMIC_NO_PIC = NO;
				GCC_NO_COMMON_BLOCKS = YES;
				GCC_OPTIMIZATION_LEVEL = 0;
				GCC_PREPROCESSOR_DEFINITIONS = (
					"DEBUG=1",
					"$(inherited)",
				);
				GCC_WARN_64_TO_32_BIT_CONVERSION = YES;
				GCC_WARN_ABOUT_RETURN_TYPE = YES_ERROR;
				GCC_WARN_UNDECLARED_SELECTOR = YES;
				GCC_WARN_UNINITIALIZED_AUTOS = YES_AGGRESSIVE;
				GCC_WARN_UNUSED_FUNCTION = YES;
				GCC_WARN_UNUSED_VARIABLE = YES;
				IPHONEOS_DEPLOYMENT_TARGET = 14.0;
				MTL_ENABLE_DEBUG_INFO = INCLUDE_SOURCE;
				MTL_FAST_MATH = YES;
				ONLY_ACTIVE_ARCH = YES;
				SDKROOT = iphoneos;
				SWIFT_ACTIVE_COMPILATION_CONDITIONS = DEBUG;
				SWIFT_OPTIMIZATION_LEVEL = "-Onone";
			};
			name = Debug;
		};
		EFE040BA255D4FD9003FE67D /* Release */ = {
			isa = XCBuildConfiguration;
			buildSettings = {
				ALWAYS_SEARCH_USER_PATHS = NO;
				CLANG_ANALYZER_NONNULL = YES;
				CLANG_ANALYZER_NUMBER_OBJECT_CONVERSION = YES_AGGRESSIVE;
				CLANG_CXX_LANGUAGE_STANDARD = "gnu++14";
				CLANG_CXX_LIBRARY = "libc++";
				CLANG_ENABLE_MODULES = YES;
				CLANG_ENABLE_OBJC_ARC = YES;
				CLANG_ENABLE_OBJC_WEAK = YES;
				CLANG_WARN_BLOCK_CAPTURE_AUTORELEASING = YES;
				CLANG_WARN_BOOL_CONVERSION = YES;
				CLANG_WARN_COMMA = YES;
				CLANG_WARN_CONSTANT_CONVERSION = YES;
				CLANG_WARN_DEPRECATED_OBJC_IMPLEMENTATIONS = YES;
				CLANG_WARN_DIRECT_OBJC_ISA_USAGE = YES_ERROR;
				CLANG_WARN_DOCUMENTATION_COMMENTS = YES;
				CLANG_WARN_EMPTY_BODY = YES;
				CLANG_WARN_ENUM_CONVERSION = YES;
				CLANG_WARN_INFINITE_RECURSION = YES;
				CLANG_WARN_INT_CONVERSION = YES;
				CLANG_WARN_NON_LITERAL_NULL_CONVERSION = YES;
				CLANG_WARN_OBJC_IMPLICIT_RETAIN_SELF = YES;
				CLANG_WARN_OBJC_LITERAL_CONVERSION = YES;
				CLANG_WARN_OBJC_ROOT_CLASS = YES_ERROR;
				CLANG_WARN_QUOTED_INCLUDE_IN_FRAMEWORK_HEADER = YES;
				CLANG_WARN_RANGE_LOOP_ANALYSIS = YES;
				CLANG_WARN_STRICT_PROTOTYPES = YES;
				CLANG_WARN_SUSPICIOUS_MOVE = YES;
				CLANG_WARN_UNGUARDED_AVAILABILITY = YES_AGGRESSIVE;
				CLANG_WARN_UNREACHABLE_CODE = YES;
				CLANG_WARN__DUPLICATE_METHOD_MATCH = YES;
				COPY_PHASE_STRIP = NO;
				DEBUG_INFORMATION_FORMAT = "dwarf-with-dsym";
				ENABLE_NS_ASSERTIONS = NO;
				ENABLE_STRICT_OBJC_MSGSEND = YES;
				GCC_C_LANGUAGE_STANDARD = gnu11;
				GCC_NO_COMMON_BLOCKS = YES;
				GCC_WARN_64_TO_32_BIT_CONVERSION = YES;
				GCC_WARN_ABOUT_RETURN_TYPE = YES_ERROR;
				GCC_WARN_UNDECLARED_SELECTOR = YES;
				GCC_WARN_UNINITIALIZED_AUTOS = YES_AGGRESSIVE;
				GCC_WARN_UNUSED_FUNCTION = YES;
				GCC_WARN_UNUSED_VARIABLE = YES;
				IPHONEOS_DEPLOYMENT_TARGET = 14.0;
				MTL_ENABLE_DEBUG_INFO = NO;
				MTL_FAST_MATH = YES;
				SDKROOT = iphoneos;
				SWIFT_COMPILATION_MODE = wholemodule;
				SWIFT_OPTIMIZATION_LEVEL = "-O";
				VALIDATE_PRODUCT = YES;
			};
			name = Release;
		};
		EFE040BC255D4FD9003FE67D /* Debug */ = {
			isa = XCBuildConfiguration;
			buildSettings = {
				ASSETCATALOG_COMPILER_APPICON_NAME = AppIcon;
				ASSETCATALOG_COMPILER_GLOBAL_ACCENT_COLOR_NAME = AccentColor;
				CODE_SIGN_STYLE = Automatic;
				DEVELOPMENT_TEAM = 7UW4G867B2;
				ENABLE_HARDENED_RUNTIME = YES;
				INFOPLIST_FILE = NewsApp/Info.plist;
				LD_RUNPATH_SEARCH_PATHS = (
					"$(inherited)",
					"@executable_path/Frameworks",
				);
				PRODUCT_BUNDLE_IDENTIFIER = com.assignment.NewsApp;
				PRODUCT_NAME = "$(TARGET_NAME)";
				SWIFT_VERSION = 5.0;
				TARGETED_DEVICE_FAMILY = "1,2";
			};
			name = Debug;
		};
		EFE040BD255D4FD9003FE67D /* Release */ = {
			isa = XCBuildConfiguration;
			buildSettings = {
				ASSETCATALOG_COMPILER_APPICON_NAME = AppIcon;
				ASSETCATALOG_COMPILER_GLOBAL_ACCENT_COLOR_NAME = AccentColor;
				CODE_SIGN_STYLE = Automatic;
				DEVELOPMENT_TEAM = 7UW4G867B2;
				ENABLE_HARDENED_RUNTIME = YES;
				INFOPLIST_FILE = NewsApp/Info.plist;
				LD_RUNPATH_SEARCH_PATHS = (
					"$(inherited)",
					"@executable_path/Frameworks",
				);
				PRODUCT_BUNDLE_IDENTIFIER = com.assignment.NewsApp;
				PRODUCT_NAME = "$(TARGET_NAME)";
				SWIFT_VERSION = 5.0;
				TARGETED_DEVICE_FAMILY = "1,2";
			};
			name = Release;
		};
		EFE040BF255D4FD9003FE67D /* Debug */ = {
			isa = XCBuildConfiguration;
			buildSettings = {
				ALWAYS_EMBED_SWIFT_STANDARD_LIBRARIES = YES;
				BUNDLE_LOADER = "$(TEST_HOST)";
				CODE_SIGN_STYLE = Automatic;
				DEVELOPMENT_TEAM = 7UW4G867B2;
				INFOPLIST_FILE = NewsAppTests/Info.plist;
				IPHONEOS_DEPLOYMENT_TARGET = 14.0;
				LD_RUNPATH_SEARCH_PATHS = (
					"$(inherited)",
					"@executable_path/Frameworks",
					"@loader_path/Frameworks",
				);
				PRODUCT_BUNDLE_IDENTIFIER = com.assignment.NewsAppTests;
				PRODUCT_NAME = "$(TARGET_NAME)";
				SWIFT_VERSION = 5.0;
				TARGETED_DEVICE_FAMILY = "1,2";
				TEST_HOST = "$(BUILT_PRODUCTS_DIR)/NewsApp.app/Contents/MacOS/NewsApp";
			};
			name = Debug;
		};
		EFE040C0255D4FD9003FE67D /* Release */ = {
			isa = XCBuildConfiguration;
			buildSettings = {
				ALWAYS_EMBED_SWIFT_STANDARD_LIBRARIES = YES;
				BUNDLE_LOADER = "$(TEST_HOST)";
				CODE_SIGN_STYLE = Automatic;
				DEVELOPMENT_TEAM = 7UW4G867B2;
				INFOPLIST_FILE = NewsAppTests/Info.plist;
				IPHONEOS_DEPLOYMENT_TARGET = 14.0;
				LD_RUNPATH_SEARCH_PATHS = (
					"$(inherited)",
					"@executable_path/Frameworks",
					"@loader_path/Frameworks",
				);
				PRODUCT_BUNDLE_IDENTIFIER = com.assignment.NewsAppTests;
				PRODUCT_NAME = "$(TARGET_NAME)";
				SWIFT_VERSION = 5.0;
				TARGETED_DEVICE_FAMILY = "1,2";
				TEST_HOST = "$(BUILT_PRODUCTS_DIR)/NewsApp.app/Contents/MacOS/NewsApp";
			};
			name = Release;
		};
		EFE040C2255D4FD9003FE67D /* Debug */ = {
			isa = XCBuildConfiguration;
			buildSettings = {
				ALWAYS_EMBED_SWIFT_STANDARD_LIBRARIES = YES;
				CODE_SIGN_STYLE = Automatic;
				DEVELOPMENT_TEAM = 7UW4G867B2;
				INFOPLIST_FILE = NewsAppUITests/Info.plist;
				LD_RUNPATH_SEARCH_PATHS = (
					"$(inherited)",
					"@executable_path/Frameworks",
					"@loader_path/Frameworks",
				);
				PRODUCT_BUNDLE_IDENTIFIER = com.assignment.NewsAppUITests;
				PRODUCT_NAME = "$(TARGET_NAME)";
				SWIFT_VERSION = 5.0;
				TARGETED_DEVICE_FAMILY = "1,2";
				TEST_TARGET_NAME = NewsApp;
			};
			name = Debug;
		};
		EFE040C3255D4FD9003FE67D /* Release */ = {
			isa = XCBuildConfiguration;
			buildSettings = {
				ALWAYS_EMBED_SWIFT_STANDARD_LIBRARIES = YES;
				CODE_SIGN_STYLE = Automatic;
				DEVELOPMENT_TEAM = 7UW4G867B2;
				INFOPLIST_FILE = NewsAppUITests/Info.plist;
				LD_RUNPATH_SEARCH_PATHS = (
					"$(inherited)",
					"@executable_path/Frameworks",
					"@loader_path/Frameworks",
				);
				PRODUCT_BUNDLE_IDENTIFIER = com.assignment.NewsAppUITests;
				PRODUCT_NAME = "$(TARGET_NAME)";
				SWIFT_VERSION = 5.0;
				TARGETED_DEVICE_FAMILY = "1,2";
				TEST_TARGET_NAME = NewsApp;
			};
			name = Release;
		};
/* End XCBuildConfiguration section */

/* Begin XCConfigurationList section */
		EFE0408C255D4FD9003FE67D /* Build configuration list for PBXProject "NewsApp" */ = {
			isa = XCConfigurationList;
			buildConfigurations = (
				EFE040B9255D4FD9003FE67D /* Debug */,
				EFE040BA255D4FD9003FE67D /* Release */,
			);
			defaultConfigurationIsVisible = 0;
			defaultConfigurationName = Release;
		};
		EFE040BB255D4FD9003FE67D /* Build configuration list for PBXNativeTarget "NewsApp" */ = {
			isa = XCConfigurationList;
			buildConfigurations = (
				EFE040BC255D4FD9003FE67D /* Debug */,
				EFE040BD255D4FD9003FE67D /* Release */,
			);
			defaultConfigurationIsVisible = 0;
			defaultConfigurationName = Release;
		};
		EFE040BE255D4FD9003FE67D /* Build configuration list for PBXNativeTarget "NewsAppTests" */ = {
			isa = XCConfigurationList;
			buildConfigurations = (
				EFE040BF255D4FD9003FE67D /* Debug */,
				EFE040C0255D4FD9003FE67D /* Release */,
			);
			defaultConfigurationIsVisible = 0;
			defaultConfigurationName = Release;
		};
		EFE040C1255D4FD9003FE67D /* Build configuration list for PBXNativeTarget "NewsAppUITests" */ = {
			isa = XCConfigurationList;
			buildConfigurations = (
				EFE040C2255D4FD9003FE67D /* Debug */,
				EFE040C3255D4FD9003FE67D /* Release */,
			);
			defaultConfigurationIsVisible = 0;
			defaultConfigurationName = Release;
		};
/* End XCConfigurationList section */
	};
	rootObject = EFE04089255D4FD9003FE67D /* Project object */;
}
